<?xml version="1.0" encoding="utf-8"?>
<Project ToolsVersion="4.0" xmlns="http://schemas.microsoft.com/developer/msbuild/2003">
  <ItemGroup>
    <Filter Include="Source Files">
      <UniqueIdentifier>{4FC737F1-C7A5-4376-A066-2A32D752A2FF}</UniqueIdentifier>
      <Extensions>cpp;cxx;c;def</Extensions>
    </Filter>
    <Filter Include="Header Files">
      <UniqueIdentifier>{93995380-89BD-4b04-88EB-625FBE52EBFB}</UniqueIdentifier>
      <Extensions>h</Extensions>
    </Filter>
  </ItemGroup>
  <ItemGroup>
    <ClCompile Include="..\src\main.cpp">
      <Filter>Source Files</Filter>
    </ClCompile>
    <ClCompile Include="..\externals\Others\BaseApplication.cpp">
      <Filter>Source Files</Filter>
    </ClCompile>
    <ClCompile Include="..\src\OgreApp.cpp">
      <Filter>Source Files</Filter>
    </ClCompile>
    <ClCompile Include="..\src\PhysXSystem.cpp">
      <Filter>Source Files</Filter>
    </ClCompile>
    <ClCompile Include="..\externals\PhysXSDK\Samples\SampleCommonCode\src\ObjMesh.cpp">
      <Filter>Source Files</Filter>
    </ClCompile>
    <ClCompile Include="..\externals\PhysXSDK\Samples\SampleCommonCode\src\MeshHash.cpp">
      <Filter>Source Files</Filter>
    </ClCompile>
    <ClCompile Include="..\externals\PhysXSDK\Samples\SampleCommonCode\src\BmpLoader.cpp">
      <Filter>Source Files</Filter>
    </ClCompile>
    <ClCompile Include="..\externals\PhysXSDK\Samples\SampleCommonCode\src\glRenderer.cpp">
      <Filter>Source Files</Filter>
    </ClCompile>
    <ClCompile Include="..\externals\PhysXSDK\Samples\SampleCommonCode\src\Stream.cpp">
      <Filter>Source Files</Filter>
    </ClCompile>
    <ClCompile Include="..\externals\PhysXSDK\Samples\SampleCommonCode\src\MediaPath_WIN.cpp">
      <Filter>Source Files</Filter>
    </ClCompile>
    <ClCompile Include="..\src\PhysXTriangleMesh.cpp">
      <Filter>Source Files</Filter>
    </ClCompile>
    <ClCompile Include="..\src\ObjMeshExt.cpp">
      <Filter>Source Files</Filter>
    </ClCompile>
    <ClCompile Include="..\src\PhysXSoftBody.cpp">
      <Filter>Source Files</Filter>
    </ClCompile>
    <ClCompile Include="..\src\PhysXCapsule.cpp">
      <Filter>Source Files</Filter>
    </ClCompile>
    <ClCompile Include="..\src\PhysXFluid.cpp">
      <Filter>Source Files</Filter>
    </ClCompile>
    <ClCompile Include="..\src\PhysXCloth.cpp">
      <Filter>Source Files</Filter>
    </ClCompile>
  </ItemGroup>
  <ItemGroup>
    <ClInclude Include="..\src\OgreApp.h">
      <Filter>Header Files</Filter>
    </ClInclude>
    <ClInclude Include="..\externals\Others\BaseApplication.h">
      <Filter>Header Files</Filter>
    </ClInclude>
    <ClInclude Include="..\src\PhysXSystem.h">
      <Filter>Header Files</Filter>
    </ClInclude>
    <ClInclude Include="..\externals\PhysXSDK\Samples\SampleCommonCode\src\ObjMesh.h">
      <Filter>Header Files</Filter>
    </ClInclude>
    <ClInclude Include="..\externals\PhysXSDK\Samples\SampleCommonCode\src\BmpLoader.h">
      <Filter>Header Files</Filter>
    </ClInclude>
    <ClInclude Include="..\externals\PhysXSDK\Samples\SampleCommonCode\src\MeshHash.h">
      <Filter>Header Files</Filter>
    </ClInclude>
    <ClInclude Include="..\externals\PhysXSDK\Samples\SampleCommonCode\src\glRenderer.h">
      <Filter>Header Files</Filter>
    </ClInclude>
    <ClInclude Include="..\externals\PhysXSDK\Samples\SampleCommonCode\src\Stream.h">
      <Filter>Header Files</Filter>
    </ClInclude>
    <ClInclude Include="..\externals\PhysXSDK\Samples\SampleCommonCode\src\MediaPath.h">
      <Filter>Header Files</Filter>
    </ClInclude>
    <ClInclude Include="..\src\Common.h">
      <Filter>Header Files</Filter>
    </ClInclude>
    <ClInclude Include="..\src\PhysXTriangleMesh.h">
      <Filter>Header Files</Filter>
    </ClInclude>
    <ClInclude Include="..\src\ObjMeshExt.h">
      <Filter>Header Files</Filter>
    </ClInclude>
    <ClInclude Include="..\src\PhysXSoftBody.h">
      <Filter>Header Files</Filter>
    </ClInclude>
    <ClInclude Include="..\src\PhysXCapsule.h">
      <Filter>Header Files</Filter>
    </ClInclude>
    <ClInclude Include="..\src\PhysXFluid.h">
      <Filter>Header Files</Filter>
    </ClInclude>
    <ClInclude Include="..\src\PhysXCloth.h">
      <Filter>Header Files</Filter>
    </ClInclude>
  </ItemGroup>
</Project>